
Microsoft Visual Studio Solution File, Format Version 12.00
# Visual Studio Version 17
VisualStudioVersion = 17.4.33213.308
MinimumVisualStudioVersion = 10.0.40219.1
Project("{FAE04EC0-301F-11D3-BF4B-00C04F79EFBC}") = "1UC", "1UC.csproj", "{2E079795-D79B-4F8F-9C69-32D2CA786E05}"
EndProject
Global
	GlobalSection(SolutionConfigurationPlatforms) = preSolution
		Debug|Any CPU = Debug|Any CPU
		Release|Any CPU = Release|Any CPU
	EndGlobalSection
	GlobalSection(ProjectConfigurationPlatforms) = postSolution
		{2E079795-D79B-4F8F-9C69-32D2CA786E05}.Debug|Any CPU.ActiveCfg = Debug|Any CPU
		{2E079795-D79B-4F8F-9C69-32D2CA786E05}.Debug|Any CPU.Build.0 = Debug|Any CPU
		{2E079795-D79B-4F8F-9C69-32D2CA786E05}.Release|Any CPU.ActiveCfg = Release|Any CPU
		{2E079795-D79B-4F8F-9C69-32D2CA786E05}.Release|Any CPU.Build.0 = Release|Any CPU
	EndGlobalSection
	GlobalSection(SolutionProperties) = preSolution
		HideSolutionNode = FALSE
	EndGlobalSection
	GlobalSection(ExtensibilityGlobals) = postSolution
		SolutionGuid = {8B4E7F09-5F64-46C9-BFF3-6282DF6DEB13}
	EndGlobalSection
EndGlobal
